// !$*UTF8*$!
{
	archiveVersion = 1;
	classes = {
	};
	objectVersion = 55;
	objects = {

/* Begin PBXBuildFile section */
		05825B617A567D8A9A55BD87 /* Pods_EthereumWalletTests.framework in Frameworks */ = {isa = PBXBuildFile; fileRef = 5B0737EE9982128393EEECC9 /* Pods_EthereumWalletTests.framework */; };
		0FD2D3CB8B33B5D0C1EAE717 /* Pods_EthereumWallet.framework in Frameworks */ = {isa = PBXBuildFile; fileRef = EFD9B2D6951BB7F2FCF60309 /* Pods_EthereumWallet.framework */; };
		2B55569428A75CA3001345DE /* EthereumWalletApp.swift in Sources */ = {isa = PBXBuildFile; fileRef = 2B55569328A75CA3001345DE /* EthereumWalletApp.swift */; };
		2B55569628A75CA3001345DE /* ContentView.swift in Sources */ = {isa = PBXBuildFile; fileRef = 2B55569528A75CA3001345DE /* ContentView.swift */; };
		2B55569828A75CA3001345DE /* Assets.xcassets in Resources */ = {isa = PBXBuildFile; fileRef = 2B55569728A75CA3001345DE /* Assets.xcassets */; };
		2B55569B28A75CA3001345DE /* Preview Assets.xcassets in Resources */ = {isa = PBXBuildFile; fileRef = 2B55569A28A75CA3001345DE /* Preview Assets.xcassets */; };
		2B5556A528A75CA3001345DE /* EthereumWalletTests.swift in Sources */ = {isa = PBXBuildFile; fileRef = 2B5556A428A75CA3001345DE /* EthereumWalletTests.swift */; };
		2B5556AF28A75CA3001345DE /* EthereumWalletUITests.swift in Sources */ = {isa = PBXBuildFile; fileRef = 2B5556AE28A75CA3001345DE /* EthereumWalletUITests.swift */; };
		2B5556B128A75CA3001345DE /* EthereumWalletUITestsLaunchTests.swift in Sources */ = {isa = PBXBuildFile; fileRef = 2B5556B028A75CA3001345DE /* EthereumWalletUITestsLaunchTests.swift */; };
		2B5556BF28A788C7001345DE /* MarketView.swift in Sources */ = {isa = PBXBuildFile; fileRef = 2B5556BE28A788C7001345DE /* MarketView.swift */; };
		2B5556C128A788F4001345DE /* TransactionView.swift in Sources */ = {isa = PBXBuildFile; fileRef = 2B5556C028A788F4001345DE /* TransactionView.swift */; };
		2B5556C328A78915001345DE /* ProfileView.swift in Sources */ = {isa = PBXBuildFile; fileRef = 2B5556C228A78915001345DE /* ProfileView.swift */; };
		2B5556C728A78A0D001345DE /* Network.swift in Sources */ = {isa = PBXBuildFile; fileRef = 2B5556C628A78A0D001345DE /* Network.swift */; };
		2BCD43F428A7F3CB0085022B /* AvatarSheetView.swift in Sources */ = {isa = PBXBuildFile; fileRef = 2BCD43F328A7F3CB0085022B /* AvatarSheetView.swift */; };
		2BCD43F628A7FBB20085022B /* CurrencySheetView.swift in Sources */ = {isa = PBXBuildFile; fileRef = 2BCD43F528A7FBB20085022B /* CurrencySheetView.swift */; };
		2BCD43F828A804370085022B /* CurrencyType.swift in Sources */ = {isa = PBXBuildFile; fileRef = 2BCD43F728A804370085022B /* CurrencyType.swift */; };
		2BCD43FA28A8046F0085022B /* PriceModel.swift in Sources */ = {isa = PBXBuildFile; fileRef = 2BCD43F928A8046F0085022B /* PriceModel.swift */; };
		2BCD43FC28A804A00085022B /* User.swift in Sources */ = {isa = PBXBuildFile; fileRef = 2BCD43FB28A804A00085022B /* User.swift */; };
		2BCD43FF28A808820085022B /* ProfileCurrencyView.swift in Sources */ = {isa = PBXBuildFile; fileRef = 2BCD43FE28A808820085022B /* ProfileCurrencyView.swift */; };
		2BCD440228A80DB40085022B /* TransactionCurrencyView.swift in Sources */ = {isa = PBXBuildFile; fileRef = 2BCD440128A80DB40085022B /* TransactionCurrencyView.swift */; };
		2BCD440428A826FD0085022B /* TransactionSheetView.swift in Sources */ = {isa = PBXBuildFile; fileRef = 2BCD440328A826FD0085022B /* TransactionSheetView.swift */; };
		2BCD440728A837C90085022B /* ToastView.swift in Sources */ = {isa = PBXBuildFile; fileRef = 2BCD440628A837C90085022B /* ToastView.swift */; };
		2BCD440928A84BB90085022B /* SellSheetView.swift in Sources */ = {isa = PBXBuildFile; fileRef = 2BCD440828A84BB90085022B /* SellSheetView.swift */; };
		2BCD440B28A85F870085022B /* HistoryModel.swift in Sources */ = {isa = PBXBuildFile; fileRef = 2BCD440A28A85F870085022B /* HistoryModel.swift */; };
		4628B930263A6ACCFD394654 /* Pods_EthereumWallet_EthereumWalletUITests.framework in Frameworks */ = {isa = PBXBuildFile; fileRef = AB99AB9EF7EF0FE24DDAEDFB /* Pods_EthereumWallet_EthereumWalletUITests.framework */; };
/* End PBXBuildFile section */

/* Begin PBXContainerItemProxy section */
		2B5556A128A75CA3001345DE /* PBXContainerItemProxy */ = {
			isa = PBXContainerItemProxy;
			containerPortal = 2B55568828A75CA3001345DE /* Project object */;
			proxyType = 1;
			remoteGlobalIDString = 2B55568F28A75CA3001345DE;
			remoteInfo = EthereumWallet;
		};
		2B5556AB28A75CA3001345DE /* PBXContainerItemProxy */ = {
			isa = PBXContainerItemProxy;
			containerPortal = 2B55568828A75CA3001345DE /* Project object */;
			proxyType = 1;
			remoteGlobalIDString = 2B55568F28A75CA3001345DE;
			remoteInfo = EthereumWallet;
		};
/* End PBXContainerItemProxy section */

/* Begin PBXFileReference section */
		28FE1480390E0D07C9CDF016 /* Pods-EthereumWallet-EthereumWalletUITests.release.xcconfig */ = {isa = PBXFileReference; includeInIndex = 1; lastKnownFileType = text.xcconfig; name = "Pods-EthereumWallet-EthereumWalletUITests.release.xcconfig"; path = "Target Support Files/Pods-EthereumWallet-EthereumWalletUITests/Pods-EthereumWallet-EthereumWalletUITests.release.xcconfig"; sourceTree = "<group>"; };
		2A6F983011449152320F97C2 /* Pods-EthereumWallet.debug.xcconfig */ = {isa = PBXFileReference; includeInIndex = 1; lastKnownFileType = text.xcconfig; name = "Pods-EthereumWallet.debug.xcconfig"; path = "Target Support Files/Pods-EthereumWallet/Pods-EthereumWallet.debug.xcconfig"; sourceTree = "<group>"; };
		2B55569028A75CA3001345DE /* EthereumWallet.app */ = {isa = PBXFileReference; explicitFileType = wrapper.application; includeInIndex = 0; path = EthereumWallet.app; sourceTree = BUILT_PRODUCTS_DIR; };
		2B55569328A75CA3001345DE /* EthereumWalletApp.swift */ = {isa = PBXFileReference; lastKnownFileType = sourcecode.swift; path = EthereumWalletApp.swift; sourceTree = "<group>"; };
		2B55569528A75CA3001345DE /* ContentView.swift */ = {isa = PBXFileReference; lastKnownFileType = sourcecode.swift; path = ContentView.swift; sourceTree = "<group>"; };
		2B55569728A75CA3001345DE /* Assets.xcassets */ = {isa = PBXFileReference; lastKnownFileType = folder.assetcatalog; path = Assets.xcassets; sourceTree = "<group>"; };
		2B55569A28A75CA3001345DE /* Preview Assets.xcassets */ = {isa = PBXFileReference; lastKnownFileType = folder.assetcatalog; path = "Preview Assets.xcassets"; sourceTree = "<group>"; };
		2B5556A028A75CA3001345DE /* EthereumWalletTests.xctest */ = {isa = PBXFileReference; explicitFileType = wrapper.cfbundle; includeInIndex = 0; path = EthereumWalletTests.xctest; sourceTree = BUILT_PRODUCTS_DIR; };
		2B5556A428A75CA3001345DE /* EthereumWalletTests.swift */ = {isa = PBXFileReference; lastKnownFileType = sourcecode.swift; path = EthereumWalletTests.swift; sourceTree = "<group>"; };
		2B5556AA28A75CA3001345DE /* EthereumWalletUITests.xctest */ = {isa = PBXFileReference; explicitFileType = wrapper.cfbundle; includeInIndex = 0; path = EthereumWalletUITests.xctest; sourceTree = BUILT_PRODUCTS_DIR; };
		2B5556AE28A75CA3001345DE /* EthereumWalletUITests.swift */ = {isa = PBXFileReference; lastKnownFileType = sourcecode.swift; path = EthereumWalletUITests.swift; sourceTree = "<group>"; };
		2B5556B028A75CA3001345DE /* EthereumWalletUITestsLaunchTests.swift */ = {isa = PBXFileReference; lastKnownFileType = sourcecode.swift; path = EthereumWalletUITestsLaunchTests.swift; sourceTree = "<group>"; };
		2B5556BE28A788C7001345DE /* MarketView.swift */ = {isa = PBXFileReference; lastKnownFileType = sourcecode.swift; path = MarketView.swift; sourceTree = "<group>"; };
		2B5556C028A788F4001345DE /* TransactionView.swift */ = {isa = PBXFileReference; lastKnownFileType = sourcecode.swift; path = TransactionView.swift; sourceTree = "<group>"; };
		2B5556C228A78915001345DE /* ProfileView.swift */ = {isa = PBXFileReference; lastKnownFileType = sourcecode.swift; path = ProfileView.swift; sourceTree = "<group>"; };
		2B5556C628A78A0D001345DE /* Network.swift */ = {isa = PBXFileReference; lastKnownFileType = sourcecode.swift; path = Network.swift; sourceTree = "<group>"; };
		2BCD43F328A7F3CB0085022B /* AvatarSheetView.swift */ = {isa = PBXFileReference; lastKnownFileType = sourcecode.swift; path = AvatarSheetView.swift; sourceTree = "<group>"; };
		2BCD43F528A7FBB20085022B /* CurrencySheetView.swift */ = {isa = PBXFileReference; lastKnownFileType = sourcecode.swift; path = CurrencySheetView.swift; sourceTree = "<group>"; };
		2BCD43F728A804370085022B /* CurrencyType.swift */ = {isa = PBXFileReference; lastKnownFileType = sourcecode.swift; path = CurrencyType.swift; sourceTree = "<group>"; };
		2BCD43F928A8046F0085022B /* PriceModel.swift */ = {isa = PBXFileReference; lastKnownFileType = sourcecode.swift; path = PriceModel.swift; sourceTree = "<group>"; };
		2BCD43FB28A804A00085022B /* User.swift */ = {isa = PBXFileReference; lastKnownFileType = sourcecode.swift; path = User.swift; sourceTree = "<group>"; };
		2BCD43FE28A808820085022B /* ProfileCurrencyView.swift */ = {isa = PBXFileReference; lastKnownFileType = sourcecode.swift; path = ProfileCurrencyView.swift; sourceTree = "<group>"; };
		2BCD440128A80DB40085022B /* TransactionCurrencyView.swift */ = {isa = PBXFileReference; lastKnownFileType = sourcecode.swift; path = TransactionCurrencyView.swift; sourceTree = "<group>"; };
		2BCD440328A826FD0085022B /* TransactionSheetView.swift */ = {isa = PBXFileReference; lastKnownFileType = sourcecode.swift; path = TransactionSheetView.swift; sourceTree = "<group>"; };
		2BCD440628A837C90085022B /* ToastView.swift */ = {isa = PBXFileReference; lastKnownFileType = sourcecode.swift; path = ToastView.swift; sourceTree = "<group>"; };
		2BCD440828A84BB90085022B /* SellSheetView.swift */ = {isa = PBXFileReference; lastKnownFileType = sourcecode.swift; path = SellSheetView.swift; sourceTree = "<group>"; };
		2BCD440A28A85F870085022B /* HistoryModel.swift */ = {isa = PBXFileReference; lastKnownFileType = sourcecode.swift; path = HistoryModel.swift; sourceTree = "<group>"; };
		2D36218EE1D50F9F8C97AD2A /* Pods-EthereumWallet-EthereumWalletUITests.debug.xcconfig */ = {isa = PBXFileReference; includeInIndex = 1; lastKnownFileType = text.xcconfig; name = "Pods-EthereumWallet-EthereumWalletUITests.debug.xcconfig"; path = "Target Support Files/Pods-EthereumWallet-EthereumWalletUITests/Pods-EthereumWallet-EthereumWalletUITests.debug.xcconfig"; sourceTree = "<group>"; };
		5B0737EE9982128393EEECC9 /* Pods_EthereumWalletTests.framework */ = {isa = PBXFileReference; explicitFileType = wrapper.framework; includeInIndex = 0; path = Pods_EthereumWalletTests.framework; sourceTree = BUILT_PRODUCTS_DIR; };
		65FABB887CC6D034B791BF63 /* Pods-EthereumWallet.release.xcconfig */ = {isa = PBXFileReference; includeInIndex = 1; lastKnownFileType = text.xcconfig; name = "Pods-EthereumWallet.release.xcconfig"; path = "Target Support Files/Pods-EthereumWallet/Pods-EthereumWallet.release.xcconfig"; sourceTree = "<group>"; };
		896599C02DB12B9F1D6E9A17 /* Pods-EthereumWalletTests.release.xcconfig */ = {isa = PBXFileReference; includeInIndex = 1; lastKnownFileType = text.xcconfig; name = "Pods-EthereumWalletTests.release.xcconfig"; path = "Target Support Files/Pods-EthereumWalletTests/Pods-EthereumWalletTests.release.xcconfig"; sourceTree = "<group>"; };
		AB99AB9EF7EF0FE24DDAEDFB /* Pods_EthereumWallet_EthereumWalletUITests.framework */ = {isa = PBXFileReference; explicitFileType = wrapper.framework; includeInIndex = 0; path = Pods_EthereumWallet_EthereumWalletUITests.framework; sourceTree = BUILT_PRODUCTS_DIR; };
		C97542253901F8CA0F583B00 /* Pods-EthereumWalletTests.debug.xcconfig */ = {isa = PBXFileReference; includeInIndex = 1; lastKnownFileType = text.xcconfig; name = "Pods-EthereumWalletTests.debug.xcconfig"; path = "Target Support Files/Pods-EthereumWalletTests/Pods-EthereumWalletTests.debug.xcconfig"; sourceTree = "<group>"; };
		EFD9B2D6951BB7F2FCF60309 /* Pods_EthereumWallet.framework */ = {isa = PBXFileReference; explicitFileType = wrapper.framework; includeInIndex = 0; path = Pods_EthereumWallet.framework; sourceTree = BUILT_PRODUCTS_DIR; };
/* End PBXFileReference section */

/* Begin PBXFrameworksBuildPhase section */
		2B55568D28A75CA3001345DE /* Frameworks */ = {
			isa = PBXFrameworksBuildPhase;
			buildActionMask = 2147483647;
			files = (
				0FD2D3CB8B33B5D0C1EAE717 /* Pods_EthereumWallet.framework in Frameworks */,
			);
			runOnlyForDeploymentPostprocessing = 0;
		};
		2B55569D28A75CA3001345DE /* Frameworks */ = {
			isa = PBXFrameworksBuildPhase;
			buildActionMask = 2147483647;
			files = (
				05825B617A567D8A9A55BD87 /* Pods_EthereumWalletTests.framework in Frameworks */,
			);
			runOnlyForDeploymentPostprocessing = 0;
		};
		2B5556A728A75CA3001345DE /* Frameworks */ = {
			isa = PBXFrameworksBuildPhase;
			buildActionMask = 2147483647;
			files = (
				4628B930263A6ACCFD394654 /* Pods_EthereumWallet_EthereumWalletUITests.framework in Frameworks */,
			);
			runOnlyForDeploymentPostprocessing = 0;
		};
/* End PBXFrameworksBuildPhase section */

/* Begin PBXGroup section */
		2B55568728A75CA3001345DE = {
			isa = PBXGroup;
			children = (
				2B55569228A75CA3001345DE /* EthereumWallet */,
				2B5556A328A75CA3001345DE /* EthereumWalletTests */,
				2B5556AD28A75CA3001345DE /* EthereumWalletUITests */,
				2B55569128A75CA3001345DE /* Products */,
				F3737FA8F2B81D48415BFF33 /* Pods */,
				B97C049E448FF151A2CA2188 /* Frameworks */,
			);
			sourceTree = "<group>";
		};
		2B55569128A75CA3001345DE /* Products */ = {
			isa = PBXGroup;
			children = (
				2B55569028A75CA3001345DE /* EthereumWallet.app */,
				2B5556A028A75CA3001345DE /* EthereumWalletTests.xctest */,
				2B5556AA28A75CA3001345DE /* EthereumWalletUITests.xctest */,
			);
			name = Products;
			sourceTree = "<group>";
		};
		2B55569228A75CA3001345DE /* EthereumWallet */ = {
			isa = PBXGroup;
			children = (
				2BCD440528A837BD0085022B /* Component */,
				2B5556C528A789D3001345DE /* Models */,
				2B5556C428A789CD001345DE /* Requests */,
				2B5556BD28A7888B001345DE /* Views */,
				2B55569328A75CA3001345DE /* EthereumWalletApp.swift */,
				2B55569528A75CA3001345DE /* ContentView.swift */,
				2B55569728A75CA3001345DE /* Assets.xcassets */,
				2B55569928A75CA3001345DE /* Preview Content */,
			);
			path = EthereumWallet;
			sourceTree = "<group>";
		};
		2B55569928A75CA3001345DE /* Preview Content */ = {
			isa = PBXGroup;
			children = (
				2B55569A28A75CA3001345DE /* Preview Assets.xcassets */,
			);
			path = "Preview Content";
			sourceTree = "<group>";
		};
		2B5556A328A75CA3001345DE /* EthereumWalletTests */ = {
			isa = PBXGroup;
			children = (
				2B5556A428A75CA3001345DE /* EthereumWalletTests.swift */,
			);
			path = EthereumWalletTests;
			sourceTree = "<group>";
		};
		2B5556AD28A75CA3001345DE /* EthereumWalletUITests */ = {
			isa = PBXGroup;
			children = (
				2B5556AE28A75CA3001345DE /* EthereumWalletUITests.swift */,
				2B5556B028A75CA3001345DE /* EthereumWalletUITestsLaunchTests.swift */,
			);
			path = EthereumWalletUITests;
			sourceTree = "<group>";
		};
		2B5556BD28A7888B001345DE /* Views */ = {
			isa = PBXGroup;
			children = (
				2BCD440028A80D3B0085022B /* Transaction */,
				2BCD43FD28A808560085022B /* Profile */,
				2B5556BE28A788C7001345DE /* MarketView.swift */,
			);
			path = Views;
			sourceTree = "<group>";
		};
		2B5556C428A789CD001345DE /* Requests */ = {
			isa = PBXGroup;
			children = (
				2B5556C628A78A0D001345DE /* Network.swift */,
			);
			path = Requests;
			sourceTree = "<group>";
		};
		2B5556C528A789D3001345DE /* Models */ = {
			isa = PBXGroup;
			children = (
				2BCD43F728A804370085022B /* CurrencyType.swift */,
				2BCD43F928A8046F0085022B /* PriceModel.swift */,
				2BCD43FB28A804A00085022B /* User.swift */,
				2BCD440A28A85F870085022B /* HistoryModel.swift */,
			);
			path = Models;
			sourceTree = "<group>";
		};
		2BCD43FD28A808560085022B /* Profile */ = {
			isa = PBXGroup;
			children = (
				2B5556C228A78915001345DE /* ProfileView.swift */,
				2BCD43F328A7F3CB0085022B /* AvatarSheetView.swift */,
				2BCD43F528A7FBB20085022B /* CurrencySheetView.swift */,
				2BCD43FE28A808820085022B /* ProfileCurrencyView.swift */,
				2BCD440828A84BB90085022B /* SellSheetView.swift */,
			);
			path = Profile;
			sourceTree = "<group>";
		};
		2BCD440028A80D3B0085022B /* Transaction */ = {
			isa = PBXGroup;
			children = (
				2B5556C028A788F4001345DE /* TransactionView.swift */,
				2BCD440128A80DB40085022B /* TransactionCurrencyView.swift */,
				2BCD440328A826FD0085022B /* TransactionSheetView.swift */,
			);
			path = Transaction;
			sourceTree = "<group>";
		};
		2BCD440528A837BD0085022B /* Component */ = {
			isa = PBXGroup;
			children = (
				2BCD440628A837C90085022B /* ToastView.swift */,
			);
			path = Component;
			sourceTree = "<group>";
		};
		B97C049E448FF151A2CA2188 /* Frameworks */ = {
			isa = PBXGroup;
			children = (
				EFD9B2D6951BB7F2FCF60309 /* Pods_EthereumWallet.framework */,
				AB99AB9EF7EF0FE24DDAEDFB /* Pods_EthereumWallet_EthereumWalletUITests.framework */,
				5B0737EE9982128393EEECC9 /* Pods_EthereumWalletTests.framework */,
			);
			name = Frameworks;
			sourceTree = "<group>";
		};
		F3737FA8F2B81D48415BFF33 /* Pods */ = {
			isa = PBXGroup;
			children = (
				2A6F983011449152320F97C2 /* Pods-EthereumWallet.debug.xcconfig */,
				65FABB887CC6D034B791BF63 /* Pods-EthereumWallet.release.xcconfig */,
				2D36218EE1D50F9F8C97AD2A /* Pods-EthereumWallet-EthereumWalletUITests.debug.xcconfig */,
				28FE1480390E0D07C9CDF016 /* Pods-EthereumWallet-EthereumWalletUITests.release.xcconfig */,
				C97542253901F8CA0F583B00 /* Pods-EthereumWalletTests.debug.xcconfig */,
				896599C02DB12B9F1D6E9A17 /* Pods-EthereumWalletTests.release.xcconfig */,
			);
			path = Pods;
			sourceTree = "<group>";
		};
/* End PBXGroup section */

/* Begin PBXNativeTarget section */
		2B55568F28A75CA3001345DE /* EthereumWallet */ = {
			isa = PBXNativeTarget;
			buildConfigurationList = 2B5556B428A75CA3001345DE /* Build configuration list for PBXNativeTarget "EthereumWallet" */;
			buildPhases = (
				FEED2791D7341B3AF80A7C76 /* [CP] Check Pods Manifest.lock */,
				2B55568C28A75CA3001345DE /* Sources */,
				2B55568D28A75CA3001345DE /* Frameworks */,
				2B55568E28A75CA3001345DE /* Resources */,
				B517BB1733F0D2AD1E13514E /* [CP] Embed Pods Frameworks */,
			);
			buildRules = (
			);
			dependencies = (
			);
			name = EthereumWallet;
			productName = EthereumWallet;
			productReference = 2B55569028A75CA3001345DE /* EthereumWallet.app */;
			productType = "com.apple.product-type.application";
		};
		2B55569F28A75CA3001345DE /* EthereumWalletTests */ = {
			isa = PBXNativeTarget;
			buildConfigurationList = 2B5556B728A75CA3001345DE /* Build configuration list for PBXNativeTarget "EthereumWalletTests" */;
			buildPhases = (
				FB243845B0087A004E439C04 /* [CP] Check Pods Manifest.lock */,
				2B55569C28A75CA3001345DE /* Sources */,
				2B55569D28A75CA3001345DE /* Frameworks */,
				2B55569E28A75CA3001345DE /* Resources */,
			);
			buildRules = (
			);
			dependencies = (
				2B5556A228A75CA3001345DE /* PBXTargetDependency */,
			);
			name = EthereumWalletTests;
			productName = EthereumWalletTests;
			productReference = 2B5556A028A75CA3001345DE /* EthereumWalletTests.xctest */;
			productType = "com.apple.product-type.bundle.unit-test";
		};
		2B5556A928A75CA3001345DE /* EthereumWalletUITests */ = {
			isa = PBXNativeTarget;
			buildConfigurationList = 2B5556BA28A75CA3001345DE /* Build configuration list for PBXNativeTarget "EthereumWalletUITests" */;
			buildPhases = (
				A3B1DEA21CB412F381F02B34 /* [CP] Check Pods Manifest.lock */,
				2B5556A628A75CA3001345DE /* Sources */,
				2B5556A728A75CA3001345DE /* Frameworks */,
				2B5556A828A75CA3001345DE /* Resources */,
				F502728B9ED6DB42F6132602 /* [CP] Embed Pods Frameworks */,
			);
			buildRules = (
			);
			dependencies = (
				2B5556AC28A75CA3001345DE /* PBXTargetDependency */,
			);
			name = EthereumWalletUITests;
			productName = EthereumWalletUITests;
			productReference = 2B5556AA28A75CA3001345DE /* EthereumWalletUITests.xctest */;
			productType = "com.apple.product-type.bundle.ui-testing";
		};
/* End PBXNativeTarget section */

/* Begin PBXProject section */
		2B55568828A75CA3001345DE /* Project object */ = {
			isa = PBXProject;
			attributes = {
				BuildIndependentTargetsInParallel = 1;
				LastSwiftUpdateCheck = 1340;
				LastUpgradeCheck = 1340;
				TargetAttributes = {
					2B55568F28A75CA3001345DE = {
						CreatedOnToolsVersion = 13.4.1;
					};
					2B55569F28A75CA3001345DE = {
						CreatedOnToolsVersion = 13.4.1;
						TestTargetID = 2B55568F28A75CA3001345DE;
					};
					2B5556A928A75CA3001345DE = {
						CreatedOnToolsVersion = 13.4.1;
						TestTargetID = 2B55568F28A75CA3001345DE;
					};
				};
			};
			buildConfigurationList = 2B55568B28A75CA3001345DE /* Build configuration list for PBXProject "EthereumWallet" */;
			compatibilityVersion = "Xcode 13.0";
			developmentRegion = en;
			hasScannedForEncodings = 0;
			knownRegions = (
				en,
				Base,
			);
			mainGroup = 2B55568728A75CA3001345DE;
			productRefGroup = 2B55569128A75CA3001345DE /* Products */;
			projectDirPath = "";
			projectRoot = "";
			targets = (
				2B55568F28A75CA3001345DE /* EthereumWallet */,
				2B55569F28A75CA3001345DE /* EthereumWalletTests */,
				2B5556A928A75CA3001345DE /* EthereumWalletUITests */,
			);
		};
/* End PBXProject section */

/* Begin PBXResourcesBuildPhase section */
		2B55568E28A75CA3001345DE /* Resources */ = {
			isa = PBXResourcesBuildPhase;
			buildActionMask = 2147483647;
			files = (
				2B55569B28A75CA3001345DE /* Preview Assets.xcassets in Resources */,
				2B55569828A75CA3001345DE /* Assets.xcassets in Resources */,
			);
			runOnlyForDeploymentPostprocessing = 0;
		};
		2B55569E28A75CA3001345DE /* Resources */ = {
			isa = PBXResourcesBuildPhase;
			buildActionMask = 2147483647;
			files = (
			);
			runOnlyForDeploymentPostprocessing = 0;
		};
		2B5556A828A75CA3001345DE /* Resources */ = {
			isa = PBXResourcesBuildPhase;
			buildActionMask = 2147483647;
			files = (
			);
			runOnlyForDeploymentPostprocessing = 0;
		};
/* End PBXResourcesBuildPhase section */

/* Begin PBXShellScriptBuildPhase section */
		A3B1DEA21CB412F381F02B34 /* [CP] Check Pods Manifest.lock */ = {
			isa = PBXShellScriptBuildPhase;
			buildActionMask = 2147483647;
			files = (
			);
			inputFileListPaths = (
			);
			inputPaths = (
				"${PODS_PODFILE_DIR_PATH}/Podfile.lock",
				"${PODS_ROOT}/Manifest.lock",
			);
			name = "[CP] Check Pods Manifest.lock";
			outputFileListPaths = (
			);
			outputPaths = (
				"$(DERIVED_FILE_DIR)/Pods-EthereumWallet-EthereumWalletUITests-checkManifestLockResult.txt",
			);
			runOnlyForDeploymentPostprocessing = 0;
			shellPath = /bin/sh;
			shellScript = "diff \"${PODS_PODFILE_DIR_PATH}/Podfile.lock\" \"${PODS_ROOT}/Manifest.lock\" > /dev/null\nif [ $? != 0 ] ; then\n    # print error to STDERR\n    echo \"error: The sandbox is not in sync with the Podfile.lock. Run 'pod install' or update your CocoaPods installation.\" >&2\n    exit 1\nfi\n# This output is used by Xcode 'outputs' to avoid re-running this script phase.\necho \"SUCCESS\" > \"${SCRIPT_OUTPUT_FILE_0}\"\n";
			showEnvVarsInLog = 0;
		};
		B517BB1733F0D2AD1E13514E /* [CP] Embed Pods Frameworks */ = {
			isa = PBXShellScriptBuildPhase;
			buildActionMask = 2147483647;
			files = (
			);
			inputFileListPaths = (
				"${PODS_ROOT}/Target Support Files/Pods-EthereumWallet/Pods-EthereumWallet-frameworks-${CONFIGURATION}-input-files.xcfilelist",
			);
			name = "[CP] Embed Pods Frameworks";
			outputFileListPaths = (
				"${PODS_ROOT}/Target Support Files/Pods-EthereumWallet/Pods-EthereumWallet-frameworks-${CONFIGURATION}-output-files.xcfilelist",
			);
			runOnlyForDeploymentPostprocessing = 0;
			shellPath = /bin/sh;
			shellScript = "\"${PODS_ROOT}/Target Support Files/Pods-EthereumWallet/Pods-EthereumWallet-frameworks.sh\"\n";
			showEnvVarsInLog = 0;
		};
		F502728B9ED6DB42F6132602 /* [CP] Embed Pods Frameworks */ = {
			isa = PBXShellScriptBuildPhase;
			buildActionMask = 2147483647;
			files = (
			);
			inputFileListPaths = (
				"${PODS_ROOT}/Target Support Files/Pods-EthereumWallet-EthereumWalletUITests/Pods-EthereumWallet-EthereumWalletUITests-frameworks-${CONFIGURATION}-input-files.xcfilelist",
			);
			name = "[CP] Embed Pods Frameworks";
			outputFileListPaths = (
				"${PODS_ROOT}/Target Support Files/Pods-EthereumWallet-EthereumWalletUITests/Pods-EthereumWallet-EthereumWalletUITests-frameworks-${CONFIGURATION}-output-files.xcfilelist",
			);
			runOnlyForDeploymentPostprocessing = 0;
			shellPath = /bin/sh;
			shellScript = "\"${PODS_ROOT}/Target Support Files/Pods-EthereumWallet-EthereumWalletUITests/Pods-EthereumWallet-EthereumWalletUITests-frameworks.sh\"\n";
			showEnvVarsInLog = 0;
		};
		FB243845B0087A004E439C04 /* [CP] Check Pods Manifest.lock */ = {
			isa = PBXShellScriptBuildPhase;
			buildActionMask = 2147483647;
			files = (
			);
			inputFileListPaths = (
			);
			inputPaths = (
				"${PODS_PODFILE_DIR_PATH}/Podfile.lock",
				"${PODS_ROOT}/Manifest.lock",
			);
			name = "[CP] Check Pods Manifest.lock";
			outputFileListPaths = (
			);
			outputPaths = (
				"$(DERIVED_FILE_DIR)/Pods-EthereumWalletTests-checkManifestLockResult.txt",
			);
			runOnlyForDeploymentPostprocessing = 0;
			shellPath = /bin/sh;
			shellScript = "diff \"${PODS_PODFILE_DIR_PATH}/Podfile.lock\" \"${PODS_ROOT}/Manifest.lock\" > /dev/null\nif [ $? != 0 ] ; then\n    # print error to STDERR\n    echo \"error: The sandbox is not in sync with the Podfile.lock. Run 'pod install' or update your CocoaPods installation.\" >&2\n    exit 1\nfi\n# This output is used by Xcode 'outputs' to avoid re-running this script phase.\necho \"SUCCESS\" > \"${SCRIPT_OUTPUT_FILE_0}\"\n";
			showEnvVarsInLog = 0;
		};
		FEED2791D7341B3AF80A7C76 /* [CP] Check Pods Manifest.lock */ = {
			isa = PBXShellScriptBuildPhase;
			buildActionMask = 2147483647;
			files = (
			);
			inputFileListPaths = (
			);
			inputPaths = (
				"${PODS_PODFILE_DIR_PATH}/Podfile.lock",
				"${PODS_ROOT}/Manifest.lock",
			);
			name = "[CP] Check Pods Manifest.lock";
			outputFileListPaths = (
			);
			outputPaths = (
				"$(DERIVED_FILE_DIR)/Pods-EthereumWallet-checkManifestLockResult.txt",
			);
			runOnlyForDeploymentPostprocessing = 0;
			shellPath = /bin/sh;
			shellScript = "diff \"${PODS_PODFILE_DIR_PATH}/Podfile.lock\" \"${PODS_ROOT}/Manifest.lock\" > /dev/null\nif [ $? != 0 ] ; then\n    # print error to STDERR\n    echo \"error: The sandbox is not in sync with the Podfile.lock. Run 'pod install' or update your CocoaPods installation.\" >&2\n    exit 1\nfi\n# This output is used by Xcode 'outputs' to avoid re-running this script phase.\necho \"SUCCESS\" > \"${SCRIPT_OUTPUT_FILE_0}\"\n";
			showEnvVarsInLog = 0;
		};
/* End PBXShellScriptBuildPhase section */

/* Begin PBXSourcesBuildPhase section */
		2B55568C28A75CA3001345DE /* Sources */ = {
			isa = PBXSourcesBuildPhase;
			buildActionMask = 2147483647;
			files = (
				2BCD43F828A804370085022B /* CurrencyType.swift in Sources */,
				2B55569628A75CA3001345DE /* ContentView.swift in Sources */,
				2BCD440928A84BB90085022B /* SellSheetView.swift in Sources */,
				2BCD440228A80DB40085022B /* TransactionCurrencyView.swift in Sources */,
				2BCD43F628A7FBB20085022B /* CurrencySheetView.swift in Sources */,
				2BCD440728A837C90085022B /* ToastView.swift in Sources */,
				2B5556C128A788F4001345DE /* TransactionView.swift in Sources */,
				2BCD43F428A7F3CB0085022B /* AvatarSheetView.swift in Sources */,
				2B5556C328A78915001345DE /* ProfileView.swift in Sources */,
				2B55569428A75CA3001345DE /* EthereumWalletApp.swift in Sources */,
				2B5556BF28A788C7001345DE /* MarketView.swift in Sources */,
				2B5556C728A78A0D001345DE /* Network.swift in Sources */,
				2BCD440B28A85F870085022B /* HistoryModel.swift in Sources */,
				2BCD43FA28A8046F0085022B /* PriceModel.swift in Sources */,
				2BCD43FC28A804A00085022B /* User.swift in Sources */,
				2BCD43FF28A808820085022B /* ProfileCurrencyView.swift in Sources */,
				2BCD440428A826FD0085022B /* TransactionSheetView.swift in Sources */,
			);
			runOnlyForDeploymentPostprocessing = 0;
		};
		2B55569C28A75CA3001345DE /* Sources */ = {
			isa = PBXSourcesBuildPhase;
			buildActionMask = 2147483647;
			files = (
				2B5556A528A75CA3001345DE /* EthereumWalletTests.swift in Sources */,
			);
			runOnlyForDeploymentPostprocessing = 0;
		};
		2B5556A628A75CA3001345DE /* Sources */ = {
			isa = PBXSourcesBuildPhase;
			buildActionMask = 2147483647;
			files = (
				2B5556B128A75CA3001345DE /* EthereumWalletUITestsLaunchTests.swift in Sources */,
				2B5556AF28A75CA3001345DE /* EthereumWalletUITests.swift in Sources */,
			);
			runOnlyForDeploymentPostprocessing = 0;
		};
/* End PBXSourcesBuildPhase section */

/* Begin PBXTargetDependency section */
		2B5556A228A75CA3001345DE /* PBXTargetDependency */ = {
			isa = PBXTargetDependency;
			target = 2B55568F28A75CA3001345DE /* EthereumWallet */;
			targetProxy = 2B5556A128A75CA3001345DE /* PBXContainerItemProxy */;
		};
		2B5556AC28A75CA3001345DE /* PBXTargetDependency */ = {
			isa = PBXTargetDependency;
			target = 2B55568F28A75CA3001345DE /* EthereumWallet */;
			targetProxy = 2B5556AB28A75CA3001345DE /* PBXContainerItemProxy */;
		};
/* End PBXTargetDependency section */

/* Begin XCBuildConfiguration section */
		2B5556B228A75CA3001345DE /* Debug */ = {
			isa = XCBuildConfiguration;
			buildSettings = {
				ALWAYS_SEARCH_USER_PATHS = NO;
				CLANG_ANALYZER_NONNULL = YES;
				CLANG_ANALYZER_NUMBER_OBJECT_CONVERSION = YES_AGGRESSIVE;
				CLANG_CXX_LANGUAGE_STANDARD = "gnu++17";
				CLANG_ENABLE_MODULES = YES;
				CLANG_ENABLE_OBJC_ARC = YES;
				CLANG_ENABLE_OBJC_WEAK = YES;
				CLANG_WARN_BLOCK_CAPTURE_AUTORELEASING = YES;
				CLANG_WARN_BOOL_CONVERSION = YES;
				CLANG_WARN_COMMA = YES;
				CLANG_WARN_CONSTANT_CONVERSION = YES;
				CLANG_WARN_DEPRECATED_OBJC_IMPLEMENTATIONS = YES;
				CLANG_WARN_DIRECT_OBJC_ISA_USAGE = YES_ERROR;
				CLANG_WARN_DOCUMENTATION_COMMENTS = YES;
				CLANG_WARN_EMPTY_BODY = YES;
				CLANG_WARN_ENUM_CONVERSION = YES;
				CLANG_WARN_INFINITE_RECURSION = YES;
				CLANG_WARN_INT_CONVERSION = YES;
				CLANG_WARN_NON_LITERAL_NULL_CONVERSION = YES;
				CLANG_WARN_OBJC_IMPLICIT_RETAIN_SELF = YES;
				CLANG_WARN_OBJC_LITERAL_CONVERSION = YES;
				CLANG_WARN_OBJC_ROOT_CLASS = YES_ERROR;
				CLANG_WARN_QUOTED_INCLUDE_IN_FRAMEWORK_HEADER = YES;
				CLANG_WARN_RANGE_LOOP_ANALYSIS = YES;
				CLANG_WARN_STRICT_PROTOTYPES = YES;
				CLANG_WARN_SUSPICIOUS_MOVE = YES;
				CLANG_WARN_UNGUARDED_AVAILABILITY = YES_AGGRESSIVE;
				CLANG_WARN_UNREACHABLE_CODE = YES;
				CLANG_WARN__DUPLICATE_METHOD_MATCH = YES;
				COPY_PHASE_STRIP = NO;
				DEBUG_INFORMATION_FORMAT = dwarf;
				ENABLE_STRICT_OBJC_MSGSEND = YES;
				ENABLE_TESTABILITY = YES;
				GCC_C_LANGUAGE_STANDARD = gnu11;
				GCC_DYNAMIC_NO_PIC = NO;
				GCC_NO_COMMON_BLOCKS = YES;
				GCC_OPTIMIZATION_LEVEL = 0;
				GCC_PREPROCESSOR_DEFINITIONS = (
					"DEBUG=1",
					"$(inherited)",
				);
				GCC_WARN_64_TO_32_BIT_CONVERSION = YES;
				GCC_WARN_ABOUT_RETURN_TYPE = YES_ERROR;
				GCC_WARN_UNDECLARED_SELECTOR = YES;
				GCC_WARN_UNINITIALIZED_AUTOS = YES_AGGRESSIVE;
				GCC_WARN_UNUSED_FUNCTION = YES;
				GCC_WARN_UNUSED_VARIABLE = YES;
				IPHONEOS_DEPLOYMENT_TARGET = 15.5;
				MTL_ENABLE_DEBUG_INFO = INCLUDE_SOURCE;
				MTL_FAST_MATH = YES;
				ONLY_ACTIVE_ARCH = YES;
				SDKROOT = iphoneos;
				SWIFT_ACTIVE_COMPILATION_CONDITIONS = DEBUG;
				SWIFT_OPTIMIZATION_LEVEL = "-Onone";
			};
			name = Debug;
		};
		2B5556B328A75CA3001345DE /* Release */ = {
			isa = XCBuildConfiguration;
			buildSettings = {
				ALWAYS_SEARCH_USER_PATHS = NO;
				CLANG_ANALYZER_NONNULL = YES;
				CLANG_ANALYZER_NUMBER_OBJECT_CONVERSION = YES_AGGRESSIVE;
				CLANG_CXX_LANGUAGE_STANDARD = "gnu++17";
				CLANG_ENABLE_MODULES = YES;
				CLANG_ENABLE_OBJC_ARC = YES;
				CLANG_ENABLE_OBJC_WEAK = YES;
				CLANG_WARN_BLOCK_CAPTURE_AUTORELEASING = YES;
				CLANG_WARN_BOOL_CONVERSION = YES;
				CLANG_WARN_COMMA = YES;
				CLANG_WARN_CONSTANT_CONVERSION = YES;
				CLANG_WARN_DEPRECATED_OBJC_IMPLEMENTATIONS = YES;
				CLANG_WARN_DIRECT_OBJC_ISA_USAGE = YES_ERROR;
				CLANG_WARN_DOCUMENTATION_COMMENTS = YES;
				CLANG_WARN_EMPTY_BODY = YES;
				CLANG_WARN_ENUM_CONVERSION = YES;
				CLANG_WARN_INFINITE_RECURSION = YES;
				CLANG_WARN_INT_CONVERSION = YES;
				CLANG_WARN_NON_LITERAL_NULL_CONVERSION = YES;
				CLANG_WARN_OBJC_IMPLICIT_RETAIN_SELF = YES;
				CLANG_WARN_OBJC_LITERAL_CONVERSION = YES;
				CLANG_WARN_OBJC_ROOT_CLASS = YES_ERROR;
				CLANG_WARN_QUOTED_INCLUDE_IN_FRAMEWORK_HEADER = YES;
				CLANG_WARN_RANGE_LOOP_ANALYSIS = YES;
				CLANG_WARN_STRICT_PROTOTYPES = YES;
				CLANG_WARN_SUSPICIOUS_MOVE = YES;
				CLANG_WARN_UNGUARDED_AVAILABILITY = YES_AGGRESSIVE;
				CLANG_WARN_UNREACHABLE_CODE = YES;
				CLANG_WARN__DUPLICATE_METHOD_MATCH = YES;
				COPY_PHASE_STRIP = NO;
				DEBUG_INFORMATION_FORMAT = "dwarf-with-dsym";
				ENABLE_NS_ASSERTIONS = NO;
				ENABLE_STRICT_OBJC_MSGSEND = YES;
				GCC_C_LANGUAGE_STANDARD = gnu11;
				GCC_NO_COMMON_BLOCKS = YES;
				GCC_WARN_64_TO_32_BIT_CONVERSION = YES;
				GCC_WARN_ABOUT_RETURN_TYPE = YES_ERROR;
				GCC_WARN_UNDECLARED_SELECTOR = YES;
				GCC_WARN_UNINITIALIZED_AUTOS = YES_AGGRESSIVE;
				GCC_WARN_UNUSED_FUNCTION = YES;
				GCC_WARN_UNUSED_VARIABLE = YES;
				IPHONEOS_DEPLOYMENT_TARGET = 15.5;
				MTL_ENABLE_DEBUG_INFO = NO;
				MTL_FAST_MATH = YES;
				SDKROOT = iphoneos;
				SWIFT_COMPILATION_MODE = wholemodule;
				SWIFT_OPTIMIZATION_LEVEL = "-O";
				VALIDATE_PRODUCT = YES;
			};
			name = Release;
		};
		2B5556B528A75CA3001345DE /* Debug */ = {
			isa = XCBuildConfiguration;
			baseConfigurationReference = 2A6F983011449152320F97C2 /* Pods-EthereumWallet.debug.xcconfig */;
			buildSettings = {
				ASSETCATALOG_COMPILER_APPICON_NAME = AppIcon;
				ASSETCATALOG_COMPILER_GLOBAL_ACCENT_COLOR_NAME = AccentColor;
				CODE_SIGN_STYLE = Automatic;
				CURRENT_PROJECT_VERSION = 1;
				DEVELOPMENT_ASSET_PATHS = "\"EthereumWallet/Preview Content\"";
				ENABLE_PREVIEWS = YES;
				GENERATE_INFOPLIST_FILE = YES;
				INFOPLIST_KEY_UIApplicationSceneManifest_Generation = YES;
				INFOPLIST_KEY_UIApplicationSupportsIndirectInputEvents = YES;
				INFOPLIST_KEY_UILaunchScreen_Generation = YES;
				INFOPLIST_KEY_UISupportedInterfaceOrientations_iPad = "UIInterfaceOrientationPortrait UIInterfaceOrientationPortraitUpsideDown UIInterfaceOrientationLandscapeLeft UIInterfaceOrientationLandscapeRight";
				INFOPLIST_KEY_UISupportedInterfaceOrientations_iPhone = "UIInterfaceOrientationPortrait UIInterfaceOrientationLandscapeLeft UIInterfaceOrientationLandscapeRight";
				IPHONEOS_DEPLOYMENT_TARGET = 14.0;
				LD_RUNPATH_SEARCH_PATHS = (
					"$(inherited)",
					"@executable_path/Frameworks",
				);
				MARKETING_VERSION = 1.0;
				PRODUCT_BUNDLE_IDENTIFIER = com.zhaohuiming.EthereumWallet;
				PRODUCT_NAME = "$(TARGET_NAME)";
				SWIFT_EMIT_LOC_STRINGS = YES;
				SWIFT_VERSION = 5.0;
				TARGETED_DEVICE_FAMILY = 1;
			};
			name = Debug;
		};
		2B5556B628A75CA3001345DE /* Release */ = {
			isa = XCBuildConfiguration;
			baseConfigurationReference = 65FABB887CC6D034B791BF63 /* Pods-EthereumWallet.release.xcconfig */;
			buildSettings = {
				ASSETCATALOG_COMPILER_APPICON_NAME = AppIcon;
				ASSETCATALOG_COMPILER_GLOBAL_ACCENT_COLOR_NAME = AccentColor;
				CODE_SIGN_STYLE = Automatic;
				CURRENT_PROJECT_VERSION = 1;
				DEVELOPMENT_ASSET_PATHS = "\"EthereumWallet/Preview Content\"";
				ENABLE_PREVIEWS = YES;
				GENERATE_INFOPLIST_FILE = YES;
				INFOPLIST_KEY_UIApplicationSceneManifest_Generation = YES;
				INFOPLIST_KEY_UIApplicationSupportsIndirectInputEvents = YES;
				INFOPLIST_KEY_UILaunchScreen_Generation = YES;
				INFOPLIST_KEY_UISupportedInterfaceOrientations_iPad = "UIInterfaceOrientationPortrait UIInterfaceOrientationPortraitUpsideDown UIInterfaceOrientationLandscapeLeft UIInterfaceOrientationLandscapeRight";
				INFOPLIST_KEY_UISupportedInterfaceOrientations_iPhone = "UIInterfaceOrientationPortrait UIInterfaceOrientationLandscapeLeft UIInterfaceOrientationLandscapeRight";
				IPHONEOS_DEPLOYMENT_TARGET = 14.0;
				LD_RUNPATH_SEARCH_PATHS = (
					"$(inherited)",
					"@executable_path/Frameworks",
				);
				MARKETING_VERSION = 1.0;
				PRODUCT_BUNDLE_IDENTIFIER = com.zhaohuiming.EthereumWallet;
				PRODUCT_NAME = "$(TARGET_NAME)";
				SWIFT_EMIT_LOC_STRINGS = YES;
				SWIFT_VERSION = 5.0;
				TARGETED_DEVICE_FAMILY = 1;
			};
			name = Release;
		};
		2B5556B828A75CA3001345DE /* Debug */ = {
			isa = XCBuildConfiguration;
			baseConfigurationReference = C97542253901F8CA0F583B00 /* Pods-EthereumWalletTests.debug.xcconfig */;
			buildSettings = {
				ALWAYS_EMBED_SWIFT_STANDARD_LIBRARIES = YES;
				BUNDLE_LOADER = "$(TEST_HOST)";
				CODE_SIGN_STYLE = Automatic;
				CURRENT_PROJECT_VERSION = 1;
				GENERATE_INFOPLIST_FILE = YES;
				IPHONEOS_DEPLOYMENT_TARGET = 15.5;
				MARKETING_VERSION = 1.0;
				PRODUCT_BUNDLE_IDENTIFIER = com.zhaohuiming.EthereumWalletTests;
				PRODUCT_NAME = "$(TARGET_NAME)";
				SWIFT_EMIT_LOC_STRINGS = NO;
				SWIFT_VERSION = 5.0;
				TARGETED_DEVICE_FAMILY = "1,2";
				TEST_HOST = "$(BUILT_PRODUCTS_DIR)/EthereumWallet.app/EthereumWallet";
			};
			name = Debug;
		};
		2B5556B928A75CA3001345DE /* Release */ = {
			isa = XCBuildConfiguration;
			baseConfigurationReference = 896599C02DB12B9F1D6E9A17 /* Pods-EthereumWalletTests.release.xcconfig */;
			buildSettings = {
				ALWAYS_EMBED_SWIFT_STANDARD_LIBRARIES = YES;
				BUNDLE_LOADER = "$(TEST_HOST)";
				CODE_SIGN_STYLE = Automatic;
				CURRENT_PROJECT_VERSION = 1;
				GENERATE_INFOPLIST_FILE = YES;
				IPHONEOS_DEPLOYMENT_TARGET = 15.5;
				MARKETING_VERSION = 1.0;
				PRODUCT_BUNDLE_IDENTIFIER = com.zhaohuiming.EthereumWalletTests;
				PRODUCT_NAME = "$(TARGET_NAME)";
				SWIFT_EMIT_LOC_STRINGS = NO;
				SWIFT_VERSION = 5.0;
				TARGETED_DEVICE_FAMILY = "1,2";
				TEST_HOST = "$(BUILT_PRODUCTS_DIR)/EthereumWallet.app/EthereumWallet";
			};
			name = Release;
		};
		2B5556BB28A75CA3001345DE /* Debug */ = {
			isa = XCBuildConfiguration;
			baseConfigurationReference = 2D36218EE1D50F9F8C97AD2A /* Pods-EthereumWallet-EthereumWalletUITests.debug.xcconfig */;
			buildSettings = {
				ALWAYS_EMBED_SWIFT_STANDARD_LIBRARIES = YES;
				CODE_SIGN_STYLE = Automatic;
				CURRENT_PROJECT_VERSION = 1;
				GENERATE_INFOPLIST_FILE = YES;
				MARKETING_VERSION = 1.0;
				PRODUCT_BUNDLE_IDENTIFIER = com.zhaohuiming.EthereumWalletUITests;
				PRODUCT_NAME = "$(TARGET_NAME)";
				SWIFT_EMIT_LOC_STRINGS = NO;
				SWIFT_VERSION = 5.0;
				TARGETED_DEVICE_FAMILY = "1,2";
				TEST_TARGET_NAME = EthereumWallet;
			};
			name = Debug;
		};
		2B5556BC28A75CA3001345DE /* Release */ = {
			isa = XCBuildConfiguration;
			baseConfigurationReference = 28FE1480390E0D07C9CDF016 /* Pods-EthereumWallet-EthereumWalletUITests.release.xcconfig */;
			buildSettings = {
				ALWAYS_EMBED_SWIFT_STANDARD_LIBRARIES = YES;
				CODE_SIGN_STYLE = Automatic;
				CURRENT_PROJECT_VERSION = 1;
				GENERATE_INFOPLIST_FILE = YES;
				MARKETING_VERSION = 1.0;
				PRODUCT_BUNDLE_IDENTIFIER = com.zhaohuiming.EthereumWalletUITests;
				PRODUCT_NAME = "$(TARGET_NAME)";
				SWIFT_EMIT_LOC_STRINGS = NO;
				SWIFT_VERSION = 5.0;
				TARGETED_DEVICE_FAMILY = "1,2";
				TEST_TARGET_NAME = EthereumWallet;
			};
			name = Release;
		};
/* End XCBuildConfiguration section */

/* Begin XCConfigurationList section */
		2B55568B28A75CA3001345DE /* Build configuration list for PBXProject "EthereumWallet" */ = {
			isa = XCConfigurationList;
			buildConfigurations = (
				2B5556B228A75CA3001345DE /* Debug */,
				2B5556B328A75CA3001345DE /* Release */,
			);
			defaultConfigurationIsVisible = 0;
			defaultConfigurationName = Release;
		};
		2B5556B428A75CA3001345DE /* Build configuration list for PBXNativeTarget "EthereumWallet" */ = {
			isa = XCConfigurationList;
			buildConfigurations = (
				2B5556B528A75CA3001345DE /* Debug */,
				2B5556B628A75CA3001345DE /* Release */,
			);
			defaultConfigurationIsVisible = 0;
			defaultConfigurationName = Release;
		};
		2B5556B728A75CA3001345DE /* Build configuration list for PBXNativeTarget "EthereumWalletTests" */ = {
			isa = XCConfigurationList;
			buildConfigurations = (
				2B5556B828A75CA3001345DE /* Debug */,
				2B5556B928A75CA3001345DE /* Release */,
			);
			defaultConfigurationIsVisible = 0;
			defaultConfigurationName = Release;
		};
		2B5556BA28A75CA3001345DE /* Build configuration list for PBXNativeTarget "EthereumWalletUITests" */ = {
			isa = XCConfigurationList;
			buildConfigurations = (
				2B5556BB28A75CA3001345DE /* Debug */,
				2B5556BC28A75CA3001345DE /* Release */,
			);
			defaultConfigurationIsVisible = 0;
			defaultConfigurationName = Release;
		};
/* End XCConfigurationList section */
	};
	rootObject = 2B55568828A75CA3001345DE /* Project object */;
}
